// !$*UTF8*$!
{
	archiveVersion = 1;
	classes = {
	};
	objectVersion = 56;
	objects = {

/* Begin PBXBuildFile section */
		6C45A57628F80E3900E689D2 /* AppDelegate.swift in Sources */ = {isa = PBXBuildFile; fileRef = 6C45A57528F80E3900E689D2 /* AppDelegate.swift */; };
		6C45A57828F80E3900E689D2 /* SceneDelegate.swift in Sources */ = {isa = PBXBuildFile; fileRef = 6C45A57728F80E3900E689D2 /* SceneDelegate.swift */; };
		6C45A57A28F80E3900E689D2 /* ViewController.swift in Sources */ = {isa = PBXBuildFile; fileRef = 6C45A57928F80E3900E689D2 /* ViewController.swift */; };
		6C45A57D28F80E3900E689D2 /* Main.storyboard in Resources */ = {isa = PBXBuildFile; fileRef = 6C45A57B28F80E3900E689D2 /* Main.storyboard */; };
		6C45A57F28F80E3B00E689D2 /* Assets.xcassets in Resources */ = {isa = PBXBuildFile; fileRef = 6C45A57E28F80E3B00E689D2 /* Assets.xcassets */; };
		6C45A58228F80E3B00E689D2 /* LaunchScreen.storyboard in Resources */ = {isa = PBXBuildFile; fileRef = 6C45A58028F80E3B00E689D2 /* LaunchScreen.storyboard */; };
		6C45A58A28F80F7700E689D2 /* LoginViewController.swift in Sources */ = {isa = PBXBuildFile; fileRef = 6C45A58928F80F7700E689D2 /* LoginViewController.swift */; };
		6C45A58C28F8108300E689D2 /* SignUpViewController.swift in Sources */ = {isa = PBXBuildFile; fileRef = 6C45A58B28F8108300E689D2 /* SignUpViewController.swift */; };
		6C45A58E28F810B000E689D2 /* WelcomeViewController.swift in Sources */ = {isa = PBXBuildFile; fileRef = 6C45A58D28F810B000E689D2 /* WelcomeViewController.swift */; };
		6C45A59128F8125600E689D2 /* SnapKit in Frameworks */ = {isa = PBXBuildFile; productRef = 6C45A59028F8125600E689D2 /* SnapKit */; };
		6C45A59328F8159300E689D2 /* HomeViewController.swift in Sources */ = {isa = PBXBuildFile; fileRef = 6C45A59228F8159300E689D2 /* HomeViewController.swift */; };
		6C45A59528F815A200E689D2 /* ProfileViewController.swift in Sources */ = {isa = PBXBuildFile; fileRef = 6C45A59428F815A200E689D2 /* ProfileViewController.swift */; };
		6CECD284290FA2980058559E /* KakaoTabbarController.swift in Sources */ = {isa = PBXBuildFile; fileRef = 6CECD283290FA2980058559E /* KakaoTabbarController.swift */; };
		6CECD287290FA3E90058559E /* FriendModel.swift in Sources */ = {isa = PBXBuildFile; fileRef = 6CECD286290FA3E90058559E /* FriendModel.swift */; };
		6CECD28B290FA4F10058559E /* FriendListViewController.swift in Sources */ = {isa = PBXBuildFile; fileRef = 6CECD28A290FA4F10058559E /* FriendListViewController.swift */; };
		6CECD28D290FAA220058559E /* FriendTableViewCell.swift in Sources */ = {isa = PBXBuildFile; fileRef = 6CECD28C290FAA220058559E /* FriendTableViewCell.swift */; };
		6CECD28F290FAEAE0058559E /* GalleryGridViewController.swift in Sources */ = {isa = PBXBuildFile; fileRef = 6CECD28E290FAEAE0058559E /* GalleryGridViewController.swift */; };
		6CECD291290FAF2C0058559E /* GalleryCollectionViewCell.swift in Sources */ = {isa = PBXBuildFile; fileRef = 6CECD290290FAF2C0058559E /* GalleryCollectionViewCell.swift */; };
		6CECD293290FAF5E0058559E /* GalleryModel.swift in Sources */ = {isa = PBXBuildFile; fileRef = 6CECD292290FAF5E0058559E /* GalleryModel.swift */; };
		6CECD295290FB75E0058559E /* ChatCollectionViewCell.swift in Sources */ = {isa = PBXBuildFile; fileRef = 6CECD294290FB75E0058559E /* ChatCollectionViewCell.swift */; };
		6CECD297290FB77A0058559E /* ChatModel.swift in Sources */ = {isa = PBXBuildFile; fileRef = 6CECD296290FB77A0058559E /* ChatModel.swift */; };
		6CECD29A290FC69C0058559E /* Then in Frameworks */ = {isa = PBXBuildFile; productRef = 6CECD299290FC69C0058559E /* Then */; };
		6CECD29D290FC7540058559E /* SwiftyColor in Frameworks */ = {isa = PBXBuildFile; productRef = 6CECD29C290FC7540058559E /* SwiftyColor */; };
		6CECD2A2290FC8480058559E /* ChatViewController.swift in Sources */ = {isa = PBXBuildFile; fileRef = 6CECD2A1290FC8480058559E /* ChatViewController.swift */; };
		6CECD2A4290FC8510058559E /* SharpViewController.swift in Sources */ = {isa = PBXBuildFile; fileRef = 6CECD2A3290FC8510058559E /* SharpViewController.swift */; };
		6CECD2A6290FC85F0058559E /* ShopViewController.swift in Sources */ = {isa = PBXBuildFile; fileRef = 6CECD2A5290FC85F0058559E /* ShopViewController.swift */; };
		6CECD2A8290FC88E0058559E /* MoreViewController.swift in Sources */ = {isa = PBXBuildFile; fileRef = 6CECD2A7290FC88E0058559E /* MoreViewController.swift */; };
/* End PBXBuildFile section */

/* Begin PBXFileReference section */
		6C45A57228F80E3900E689D2 /* assignment_KAKAO.app */ = {isa = PBXFileReference; explicitFileType = wrapper.application; includeInIndex = 0; path = assignment_KAKAO.app; sourceTree = BUILT_PRODUCTS_DIR; };
		6C45A57528F80E3900E689D2 /* AppDelegate.swift */ = {isa = PBXFileReference; lastKnownFileType = sourcecode.swift; path = AppDelegate.swift; sourceTree = "<group>"; };
		6C45A57728F80E3900E689D2 /* SceneDelegate.swift */ = {isa = PBXFileReference; lastKnownFileType = sourcecode.swift; path = SceneDelegate.swift; sourceTree = "<group>"; };
		6C45A57928F80E3900E689D2 /* ViewController.swift */ = {isa = PBXFileReference; lastKnownFileType = sourcecode.swift; path = ViewController.swift; sourceTree = "<group>"; };
		6C45A57C28F80E3900E689D2 /* Base */ = {isa = PBXFileReference; lastKnownFileType = file.storyboard; name = Base; path = Base.lproj/Main.storyboard; sourceTree = "<group>"; };
		6C45A57E28F80E3B00E689D2 /* Assets.xcassets */ = {isa = PBXFileReference; lastKnownFileType = folder.assetcatalog; path = Assets.xcassets; sourceTree = "<group>"; };
		6C45A58128F80E3B00E689D2 /* Base */ = {isa = PBXFileReference; lastKnownFileType = file.storyboard; name = Base; path = Base.lproj/LaunchScreen.storyboard; sourceTree = "<group>"; };
		6C45A58328F80E3B00E689D2 /* Info.plist */ = {isa = PBXFileReference; lastKnownFileType = text.plist.xml; path = Info.plist; sourceTree = "<group>"; };
		6C45A58928F80F7700E689D2 /* LoginViewController.swift */ = {isa = PBXFileReference; lastKnownFileType = sourcecode.swift; path = LoginViewController.swift; sourceTree = "<group>"; };
		6C45A58B28F8108300E689D2 /* SignUpViewController.swift */ = {isa = PBXFileReference; lastKnownFileType = sourcecode.swift; path = SignUpViewController.swift; sourceTree = "<group>"; };
		6C45A58D28F810B000E689D2 /* WelcomeViewController.swift */ = {isa = PBXFileReference; lastKnownFileType = sourcecode.swift; path = WelcomeViewController.swift; sourceTree = "<group>"; };
		6C45A59228F8159300E689D2 /* HomeViewController.swift */ = {isa = PBXFileReference; lastKnownFileType = sourcecode.swift; path = HomeViewController.swift; sourceTree = "<group>"; };
		6C45A59428F815A200E689D2 /* ProfileViewController.swift */ = {isa = PBXFileReference; lastKnownFileType = sourcecode.swift; path = ProfileViewController.swift; sourceTree = "<group>"; };
		6CECD283290FA2980058559E /* KakaoTabbarController.swift */ = {isa = PBXFileReference; lastKnownFileType = sourcecode.swift; path = KakaoTabbarController.swift; sourceTree = "<group>"; };
		6CECD286290FA3E90058559E /* FriendModel.swift */ = {isa = PBXFileReference; lastKnownFileType = sourcecode.swift; path = FriendModel.swift; sourceTree = "<group>"; };
		6CECD28A290FA4F10058559E /* FriendListViewController.swift */ = {isa = PBXFileReference; lastKnownFileType = sourcecode.swift; path = FriendListViewController.swift; sourceTree = "<group>"; };
		6CECD28C290FAA220058559E /* FriendTableViewCell.swift */ = {isa = PBXFileReference; lastKnownFileType = sourcecode.swift; path = FriendTableViewCell.swift; sourceTree = "<group>"; };
		6CECD28E290FAEAE0058559E /* GalleryGridViewController.swift */ = {isa = PBXFileReference; lastKnownFileType = sourcecode.swift; path = GalleryGridViewController.swift; sourceTree = "<group>"; };
		6CECD290290FAF2C0058559E /* GalleryCollectionViewCell.swift */ = {isa = PBXFileReference; lastKnownFileType = sourcecode.swift; path = GalleryCollectionViewCell.swift; sourceTree = "<group>"; };
		6CECD292290FAF5E0058559E /* GalleryModel.swift */ = {isa = PBXFileReference; lastKnownFileType = sourcecode.swift; path = GalleryModel.swift; sourceTree = "<group>"; };
		6CECD294290FB75E0058559E /* ChatCollectionViewCell.swift */ = {isa = PBXFileReference; lastKnownFileType = sourcecode.swift; path = ChatCollectionViewCell.swift; sourceTree = "<group>"; };
		6CECD296290FB77A0058559E /* ChatModel.swift */ = {isa = PBXFileReference; lastKnownFileType = sourcecode.swift; path = ChatModel.swift; sourceTree = "<group>"; };
		6CECD2A1290FC8480058559E /* ChatViewController.swift */ = {isa = PBXFileReference; lastKnownFileType = sourcecode.swift; path = ChatViewController.swift; sourceTree = "<group>"; };
		6CECD2A3290FC8510058559E /* SharpViewController.swift */ = {isa = PBXFileReference; lastKnownFileType = sourcecode.swift; path = SharpViewController.swift; sourceTree = "<group>"; };
		6CECD2A5290FC85F0058559E /* ShopViewController.swift */ = {isa = PBXFileReference; lastKnownFileType = sourcecode.swift; path = ShopViewController.swift; sourceTree = "<group>"; };
		6CECD2A7290FC88E0058559E /* MoreViewController.swift */ = {isa = PBXFileReference; lastKnownFileType = sourcecode.swift; path = MoreViewController.swift; sourceTree = "<group>"; };
/* End PBXFileReference section */

/* Begin PBXFrameworksBuildPhase section */
		6C45A56F28F80E3900E689D2 /* Frameworks */ = {
			isa = PBXFrameworksBuildPhase;
			buildActionMask = 2147483647;
			files = (
				6C45A59128F8125600E689D2 /* SnapKit in Frameworks */,
				6CECD29D290FC7540058559E /* SwiftyColor in Frameworks */,
				6CECD29A290FC69C0058559E /* Then in Frameworks */,
			);
			runOnlyForDeploymentPostprocessing = 0;
		};
/* End PBXFrameworksBuildPhase section */

/* Begin PBXGroup section */
		6C45A56928F80E3900E689D2 = {
			isa = PBXGroup;
			children = (
				6C45A57428F80E3900E689D2 /* assignment_KAKAO */,
				6C45A57328F80E3900E689D2 /* Products */,
			);
			sourceTree = "<group>";
		};
		6C45A57328F80E3900E689D2 /* Products */ = {
			isa = PBXGroup;
			children = (
				6C45A57228F80E3900E689D2 /* assignment_KAKAO.app */,
			);
			name = Products;
			sourceTree = "<group>";
		};
		6C45A57428F80E3900E689D2 /* assignment_KAKAO */ = {
			isa = PBXGroup;
			children = (
				6C45A57528F80E3900E689D2 /* AppDelegate.swift */,
				6C45A57728F80E3900E689D2 /* SceneDelegate.swift */,
				6C45A57B28F80E3900E689D2 /* Main.storyboard */,
				6C45A57E28F80E3B00E689D2 /* Assets.xcassets */,
				6C45A58028F80E3B00E689D2 /* LaunchScreen.storyboard */,
				6C45A58328F80E3B00E689D2 /* Info.plist */,
				6CECD288290FA4130058559E /* ViewController */,
				6CECD285290FA3BE0058559E /* Model */,
				6CECD289290FA4190058559E /* Reusable */,
			);
			path = assignment_KAKAO;
			sourceTree = "<group>";
		};
		6CECD285290FA3BE0058559E /* Model */ = {
			isa = PBXGroup;
			children = (
				6CECD286290FA3E90058559E /* FriendModel.swift */,
				6CECD292290FAF5E0058559E /* GalleryModel.swift */,
				6CECD296290FB77A0058559E /* ChatModel.swift */,
			);
			path = Model;
			sourceTree = "<group>";
		};
		6CECD288290FA4130058559E /* ViewController */ = {
			isa = PBXGroup;
			children = (
				6CECD2A0290FC81E0058559E /* Tab */,
				6C45A57928F80E3900E689D2 /* ViewController.swift */,
				6C45A58928F80F7700E689D2 /* LoginViewController.swift */,
				6C45A58B28F8108300E689D2 /* SignUpViewController.swift */,
				6C45A58D28F810B000E689D2 /* WelcomeViewController.swift */,
				6C45A59228F8159300E689D2 /* HomeViewController.swift */,
				6C45A59428F815A200E689D2 /* ProfileViewController.swift */,
				6CECD283290FA2980058559E /* KakaoTabbarController.swift */,
				6CECD28E290FAEAE0058559E /* GalleryGridViewController.swift */,
			);
			path = ViewController;
			sourceTree = "<group>";
		};
		6CECD289290FA4190058559E /* Reusable */ = {
			isa = PBXGroup;
			children = (
				6CECD28C290FAA220058559E /* FriendTableViewCell.swift */,
				6CECD290290FAF2C0058559E /* GalleryCollectionViewCell.swift */,
				6CECD294290FB75E0058559E /* ChatCollectionViewCell.swift */,
			);
			path = Reusable;
			sourceTree = "<group>";
		};
		6CECD2A0290FC81E0058559E /* Tab */ = {
			isa = PBXGroup;
			children = (
				6CECD28A290FA4F10058559E /* FriendListViewController.swift */,
				6CECD2A1290FC8480058559E /* ChatViewController.swift */,
				6CECD2A3290FC8510058559E /* SharpViewController.swift */,
				6CECD2A5290FC85F0058559E /* ShopViewController.swift */,
				6CECD2A7290FC88E0058559E /* MoreViewController.swift */,
			);
			path = Tab;
			sourceTree = "<group>";
		};
/* End PBXGroup section */

/* Begin PBXNativeTarget section */
		6C45A57128F80E3900E689D2 /* assignment_KAKAO */ = {
			isa = PBXNativeTarget;
			buildConfigurationList = 6C45A58628F80E3B00E689D2 /* Build configuration list for PBXNativeTarget "assignment_KAKAO" */;
			buildPhases = (
				6C45A56E28F80E3900E689D2 /* Sources */,
				6C45A56F28F80E3900E689D2 /* Frameworks */,
				6C45A57028F80E3900E689D2 /* Resources */,
			);
			buildRules = (
			);
			dependencies = (
			);
			name = assignment_KAKAO;
			packageProductDependencies = (
				6C45A59028F8125600E689D2 /* SnapKit */,
				6CECD299290FC69C0058559E /* Then */,
				6CECD29C290FC7540058559E /* SwiftyColor */,
			);
			productName = assignment_KAKAO;
			productReference = 6C45A57228F80E3900E689D2 /* assignment_KAKAO.app */;
			productType = "com.apple.product-type.application";
		};
/* End PBXNativeTarget section */

/* Begin PBXProject section */
		6C45A56A28F80E3900E689D2 /* Project object */ = {
			isa = PBXProject;
			attributes = {
				BuildIndependentTargetsInParallel = 1;
				LastSwiftUpdateCheck = 1400;
				LastUpgradeCheck = 1400;
				TargetAttributes = {
					6C45A57128F80E3900E689D2 = {
						CreatedOnToolsVersion = 14.0.1;
					};
				};
			};
			buildConfigurationList = 6C45A56D28F80E3900E689D2 /* Build configuration list for PBXProject "assignment_KAKAO" */;
			compatibilityVersion = "Xcode 14.0";
			developmentRegion = en;
			hasScannedForEncodings = 0;
			knownRegions = (
				en,
				Base,
			);
			mainGroup = 6C45A56928F80E3900E689D2;
			packageReferences = (
				6C45A58F28F8125600E689D2 /* XCRemoteSwiftPackageReference "SnapKit" */,
				6CECD298290FC69C0058559E /* XCRemoteSwiftPackageReference "Then" */,
				6CECD29B290FC7540058559E /* XCRemoteSwiftPackageReference "SwiftyColor" */,
			);
			productRefGroup = 6C45A57328F80E3900E689D2 /* Products */;
			projectDirPath = "";
			projectRoot = "";
			targets = (
				6C45A57128F80E3900E689D2 /* assignment_KAKAO */,
			);
		};
/* End PBXProject section */

/* Begin PBXResourcesBuildPhase section */
		6C45A57028F80E3900E689D2 /* Resources */ = {
			isa = PBXResourcesBuildPhase;
			buildActionMask = 2147483647;
			files = (
				6C45A58228F80E3B00E689D2 /* LaunchScreen.storyboard in Resources */,
				6C45A57F28F80E3B00E689D2 /* Assets.xcassets in Resources */,
				6C45A57D28F80E3900E689D2 /* Main.storyboard in Resources */,
			);
			runOnlyForDeploymentPostprocessing = 0;
		};
/* End PBXResourcesBuildPhase section */

/* Begin PBXSourcesBuildPhase section */
		6C45A56E28F80E3900E689D2 /* Sources */ = {
			isa = PBXSourcesBuildPhase;
			buildActionMask = 2147483647;
			files = (
				6CECD2A8290FC88E0058559E /* MoreViewController.swift in Sources */,
				6C45A57A28F80E3900E689D2 /* ViewController.swift in Sources */,
				6CECD293290FAF5E0058559E /* GalleryModel.swift in Sources */,
				6C45A57628F80E3900E689D2 /* AppDelegate.swift in Sources */,
				6CECD28F290FAEAE0058559E /* GalleryGridViewController.swift in Sources */,
				6CECD297290FB77A0058559E /* ChatModel.swift in Sources */,
				6C45A58A28F80F7700E689D2 /* LoginViewController.swift in Sources */,
				6CECD287290FA3E90058559E /* FriendModel.swift in Sources */,
				6CECD28B290FA4F10058559E /* FriendListViewController.swift in Sources */,
				6C45A58E28F810B000E689D2 /* WelcomeViewController.swift in Sources */,
				6CECD284290FA2980058559E /* KakaoTabbarController.swift in Sources */,
				6C45A57828F80E3900E689D2 /* SceneDelegate.swift in Sources */,
				6C45A59328F8159300E689D2 /* HomeViewController.swift in Sources */,
				6CECD2A6290FC85F0058559E /* ShopViewController.swift in Sources */,
				6CECD2A4290FC8510058559E /* SharpViewController.swift in Sources */,
				6CECD291290FAF2C0058559E /* GalleryCollectionViewCell.swift in Sources */,
				6CECD28D290FAA220058559E /* FriendTableViewCell.swift in Sources */,
				6C45A59528F815A200E689D2 /* ProfileViewController.swift in Sources */,
				6CECD295290FB75E0058559E /* ChatCollectionViewCell.swift in Sources */,
				6CECD2A2290FC8480058559E /* ChatViewController.swift in Sources */,
				6C45A58C28F8108300E689D2 /* SignUpViewController.swift in Sources */,
			);
			runOnlyForDeploymentPostprocessing = 0;
		};
/* End PBXSourcesBuildPhase section */

/* Begin PBXVariantGroup section */
		6C45A57B28F80E3900E689D2 /* Main.storyboard */ = {
			isa = PBXVariantGroup;
			children = (
				6C45A57C28F80E3900E689D2 /* Base */,
			);
			name = Main.storyboard;
			sourceTree = "<group>";
		};
		6C45A58028F80E3B00E689D2 /* LaunchScreen.storyboard */ = {
			isa = PBXVariantGroup;
			children = (
				6C45A58128F80E3B00E689D2 /* Base */,
			);
			name = LaunchScreen.storyboard;
			sourceTree = "<group>";
		};
/* End PBXVariantGroup section */

/* Begin XCBuildConfiguration section */
		6C45A58428F80E3B00E689D2 /* Debug */ = {
			isa = XCBuildConfiguration;
			buildSettings = {
				ALWAYS_SEARCH_USER_PATHS = NO;
				CLANG_ANALYZER_NONNULL = YES;
				CLANG_ANALYZER_NUMBER_OBJECT_CONVERSION = YES_AGGRESSIVE;
				CLANG_CXX_LANGUAGE_STANDARD = "gnu++20";
				CLANG_ENABLE_MODULES = YES;
				CLANG_ENABLE_OBJC_ARC = YES;
				CLANG_ENABLE_OBJC_WEAK = YES;
				CLANG_WARN_BLOCK_CAPTURE_AUTORELEASING = YES;
				CLANG_WARN_BOOL_CONVERSION = YES;
				CLANG_WARN_COMMA = YES;
				CLANG_WARN_CONSTANT_CONVERSION = YES;
				CLANG_WARN_DEPRECATED_OBJC_IMPLEMENTATIONS = YES;
				CLANG_WARN_DIRECT_OBJC_ISA_USAGE = YES_ERROR;
				CLANG_WARN_DOCUMENTATION_COMMENTS = YES;
				CLANG_WARN_EMPTY_BODY = YES;
				CLANG_WARN_ENUM_CONVERSION = YES;
				CLANG_WARN_INFINITE_RECURSION = YES;
				CLANG_WARN_INT_CONVERSION = YES;
				CLANG_WARN_NON_LITERAL_NULL_CONVERSION = YES;
				CLANG_WARN_OBJC_IMPLICIT_RETAIN_SELF = YES;
				CLANG_WARN_OBJC_LITERAL_CONVERSION = YES;
				CLANG_WARN_OBJC_ROOT_CLASS = YES_ERROR;
				CLANG_WARN_QUOTED_INCLUDE_IN_FRAMEWORK_HEADER = YES;
				CLANG_WARN_RANGE_LOOP_ANALYSIS = YES;
				CLANG_WARN_STRICT_PROTOTYPES = YES;
				CLANG_WARN_SUSPICIOUS_MOVE = YES;
				CLANG_WARN_UNGUARDED_AVAILABILITY = YES_AGGRESSIVE;
				CLANG_WARN_UNREACHABLE_CODE = YES;
				CLANG_WARN__DUPLICATE_METHOD_MATCH = YES;
				COPY_PHASE_STRIP = NO;
				DEBUG_INFORMATION_FORMAT = dwarf;
				ENABLE_STRICT_OBJC_MSGSEND = YES;
				ENABLE_TESTABILITY = YES;
				GCC_C_LANGUAGE_STANDARD = gnu11;
				GCC_DYNAMIC_NO_PIC = NO;
				GCC_NO_COMMON_BLOCKS = YES;
				GCC_OPTIMIZATION_LEVEL = 0;
				GCC_PREPROCESSOR_DEFINITIONS = (
					"DEBUG=1",
					"$(inherited)",
				);
				GCC_WARN_64_TO_32_BIT_CONVERSION = YES;
				GCC_WARN_ABOUT_RETURN_TYPE = YES_ERROR;
				GCC_WARN_UNDECLARED_SELECTOR = YES;
				GCC_WARN_UNINITIALIZED_AUTOS = YES_AGGRESSIVE;
				GCC_WARN_UNUSED_FUNCTION = YES;
				GCC_WARN_UNUSED_VARIABLE = YES;
				IPHONEOS_DEPLOYMENT_TARGET = 16.0;
				MTL_ENABLE_DEBUG_INFO = INCLUDE_SOURCE;
				MTL_FAST_MATH = YES;
				ONLY_ACTIVE_ARCH = YES;
				SDKROOT = iphoneos;
				SWIFT_ACTIVE_COMPILATION_CONDITIONS = DEBUG;
				SWIFT_OPTIMIZATION_LEVEL = "-Onone";
			};
			name = Debug;
		};
		6C45A58528F80E3B00E689D2 /* Release */ = {
			isa = XCBuildConfiguration;
			buildSettings = {
				ALWAYS_SEARCH_USER_PATHS = NO;
				CLANG_ANALYZER_NONNULL = YES;
				CLANG_ANALYZER_NUMBER_OBJECT_CONVERSION = YES_AGGRESSIVE;
				CLANG_CXX_LANGUAGE_STANDARD = "gnu++20";
				CLANG_ENABLE_MODULES = YES;
				CLANG_ENABLE_OBJC_ARC = YES;
				CLANG_ENABLE_OBJC_WEAK = YES;
				CLANG_WARN_BLOCK_CAPTURE_AUTORELEASING = YES;
				CLANG_WARN_BOOL_CONVERSION = YES;
				CLANG_WARN_COMMA = YES;
				CLANG_WARN_CONSTANT_CONVERSION = YES;
				CLANG_WARN_DEPRECATED_OBJC_IMPLEMENTATIONS = YES;
				CLANG_WARN_DIRECT_OBJC_ISA_USAGE = YES_ERROR;
				CLANG_WARN_DOCUMENTATION_COMMENTS = YES;
				CLANG_WARN_EMPTY_BODY = YES;
				CLANG_WARN_ENUM_CONVERSION = YES;
				CLANG_WARN_INFINITE_RECURSION = YES;
				CLANG_WARN_INT_CONVERSION = YES;
				CLANG_WARN_NON_LITERAL_NULL_CONVERSION = YES;
				CLANG_WARN_OBJC_IMPLICIT_RETAIN_SELF = YES;
				CLANG_WARN_OBJC_LITERAL_CONVERSION = YES;
				CLANG_WARN_OBJC_ROOT_CLASS = YES_ERROR;
				CLANG_WARN_QUOTED_INCLUDE_IN_FRAMEWORK_HEADER = YES;
				CLANG_WARN_RANGE_LOOP_ANALYSIS = YES;
				CLANG_WARN_STRICT_PROTOTYPES = YES;
				CLANG_WARN_SUSPICIOUS_MOVE = YES;
				CLANG_WARN_UNGUARDED_AVAILABILITY = YES_AGGRESSIVE;
				CLANG_WARN_UNREACHABLE_CODE = YES;
				CLANG_WARN__DUPLICATE_METHOD_MATCH = YES;
				COPY_PHASE_STRIP = NO;
				DEBUG_INFORMATION_FORMAT = "dwarf-with-dsym";
				ENABLE_NS_ASSERTIONS = NO;
				ENABLE_STRICT_OBJC_MSGSEND = YES;
				GCC_C_LANGUAGE_STANDARD = gnu11;
				GCC_NO_COMMON_BLOCKS = YES;
				GCC_WARN_64_TO_32_BIT_CONVERSION = YES;
				GCC_WARN_ABOUT_RETURN_TYPE = YES_ERROR;
				GCC_WARN_UNDECLARED_SELECTOR = YES;
				GCC_WARN_UNINITIALIZED_AUTOS = YES_AGGRESSIVE;
				GCC_WARN_UNUSED_FUNCTION = YES;
				GCC_WARN_UNUSED_VARIABLE = YES;
				IPHONEOS_DEPLOYMENT_TARGET = 16.0;
				MTL_ENABLE_DEBUG_INFO = NO;
				MTL_FAST_MATH = YES;
				SDKROOT = iphoneos;
				SWIFT_COMPILATION_MODE = wholemodule;
				SWIFT_OPTIMIZATION_LEVEL = "-O";
				VALIDATE_PRODUCT = YES;
			};
			name = Release;
		};
		6C45A58728F80E3B00E689D2 /* Debug */ = {
			isa = XCBuildConfiguration;
			buildSettings = {
				ASSETCATALOG_COMPILER_APPICON_NAME = AppIcon;
				ASSETCATALOG_COMPILER_GLOBAL_ACCENT_COLOR_NAME = AccentColor;
				CODE_SIGN_STYLE = Automatic;
				CURRENT_PROJECT_VERSION = 1;
				DEVELOPMENT_TEAM = 87X66KLVXU;
				GENERATE_INFOPLIST_FILE = YES;
				INFOPLIST_FILE = assignment_KAKAO/Info.plist;
				INFOPLIST_KEY_UIApplicationSupportsIndirectInputEvents = YES;
				INFOPLIST_KEY_UILaunchStoryboardName = LaunchScreen;
				INFOPLIST_KEY_UIMainStoryboardFile = Main;
				INFOPLIST_KEY_UISupportedInterfaceOrientations_iPad = "UIInterfaceOrientationPortrait UIInterfaceOrientationPortraitUpsideDown UIInterfaceOrientationLandscapeLeft UIInterfaceOrientationLandscapeRight";
				INFOPLIST_KEY_UISupportedInterfaceOrientations_iPhone = "UIInterfaceOrientationPortrait UIInterfaceOrientationLandscapeLeft UIInterfaceOrientationLandscapeRight";
				LD_RUNPATH_SEARCH_PATHS = (
					"$(inherited)",
					"@executable_path/Frameworks",
				);
				MARKETING_VERSION = 1.0;
				PRODUCT_BUNDLE_IDENTIFIER = "com.minseo.assignment-KAKAO";
				PRODUCT_NAME = "$(TARGET_NAME)";
				SWIFT_EMIT_LOC_STRINGS = YES;
				SWIFT_VERSION = 5.0;
				TARGETED_DEVICE_FAMILY = "1,2";
			};
			name = Debug;
		};
		6C45A58828F80E3B00E689D2 /* Release */ = {
			isa = XCBuildConfiguration;
			buildSettings = {
				ASSETCATALOG_COMPILER_APPICON_NAME = AppIcon;
				ASSETCATALOG_COMPILER_GLOBAL_ACCENT_COLOR_NAME = AccentColor;
				CODE_SIGN_STYLE = Automatic;
				CURRENT_PROJECT_VERSION = 1;
				DEVELOPMENT_TEAM = 87X66KLVXU;
				GENERATE_INFOPLIST_FILE = YES;
				INFOPLIST_FILE = assignment_KAKAO/Info.plist;
				INFOPLIST_KEY_UIApplicationSupportsIndirectInputEvents = YES;
				INFOPLIST_KEY_UILaunchStoryboardName = LaunchScreen;
				INFOPLIST_KEY_UIMainStoryboardFile = Main;
				INFOPLIST_KEY_UISupportedInterfaceOrientations_iPad = "UIInterfaceOrientationPortrait UIInterfaceOrientationPortraitUpsideDown UIInterfaceOrientationLandscapeLeft UIInterfaceOrientationLandscapeRight";
				INFOPLIST_KEY_UISupportedInterfaceOrientations_iPhone = "UIInterfaceOrientationPortrait UIInterfaceOrientationLandscapeLeft UIInterfaceOrientationLandscapeRight";
				LD_RUNPATH_SEARCH_PATHS = (
					"$(inherited)",
					"@executable_path/Frameworks",
				);
				MARKETING_VERSION = 1.0;
				PRODUCT_BUNDLE_IDENTIFIER = "com.minseo.assignment-KAKAO";
				PRODUCT_NAME = "$(TARGET_NAME)";
				SWIFT_EMIT_LOC_STRINGS = YES;
				SWIFT_VERSION = 5.0;
				TARGETED_DEVICE_FAMILY = "1,2";
			};
			name = Release;
		};
/* End XCBuildConfiguration section */

/* Begin XCConfigurationList section */
		6C45A56D28F80E3900E689D2 /* Build configuration list for PBXProject "assignment_KAKAO" */ = {
			isa = XCConfigurationList;
			buildConfigurations = (
				6C45A58428F80E3B00E689D2 /* Debug */,
				6C45A58528F80E3B00E689D2 /* Release */,
			);
			defaultConfigurationIsVisible = 0;
			defaultConfigurationName = Release;
		};
		6C45A58628F80E3B00E689D2 /* Build configuration list for PBXNativeTarget "assignment_KAKAO" */ = {
			isa = XCConfigurationList;
			buildConfigurations = (
				6C45A58728F80E3B00E689D2 /* Debug */,
				6C45A58828F80E3B00E689D2 /* Release */,
			);
			defaultConfigurationIsVisible = 0;
			defaultConfigurationName = Release;
		};
/* End XCConfigurationList section */

/* Begin XCRemoteSwiftPackageReference section */
		6C45A58F28F8125600E689D2 /* XCRemoteSwiftPackageReference "SnapKit" */ = {
			isa = XCRemoteSwiftPackageReference;
			repositoryURL = "https://github.com/SnapKit/SnapKit.git";
			requirement = {
				branch = develop;
				kind = branch;
			};
		};
		6CECD298290FC69C0058559E /* XCRemoteSwiftPackageReference "Then" */ = {
			isa = XCRemoteSwiftPackageReference;
			repositoryURL = "https://github.com/devxoul/Then";
			requirement = {
				kind = upToNextMajorVersion;
				minimumVersion = 3.0.0;
			};
		};
		6CECD29B290FC7540058559E /* XCRemoteSwiftPackageReference "SwiftyColor" */ = {
			isa = XCRemoteSwiftPackageReference;
			repositoryURL = "https://github.com/devxoul/SwiftyColor";
			requirement = {
				kind = upToNextMajorVersion;
				minimumVersion = 1.0.0;
			};
		};
/* End XCRemoteSwiftPackageReference section */

/* Begin XCSwiftPackageProductDependency section */
		6C45A59028F8125600E689D2 /* SnapKit */ = {
			isa = XCSwiftPackageProductDependency;
			package = 6C45A58F28F8125600E689D2 /* XCRemoteSwiftPackageReference "SnapKit" */;
			productName = SnapKit;
		};
		6CECD299290FC69C0058559E /* Then */ = {
			isa = XCSwiftPackageProductDependency;
			package = 6CECD298290FC69C0058559E /* XCRemoteSwiftPackageReference "Then" */;
			productName = Then;
		};
		6CECD29C290FC7540058559E /* SwiftyColor */ = {
			isa = XCSwiftPackageProductDependency;
			package = 6CECD29B290FC7540058559E /* XCRemoteSwiftPackageReference "SwiftyColor" */;
			productName = SwiftyColor;
		};
/* End XCSwiftPackageProductDependency section */
	};
	rootObject = 6C45A56A28F80E3900E689D2 /* Project object */;
}
